{
    "version": 3,
    "terraform_version": "0.11.10",
    "serial": 9,
    "lineage": "d37f4e0f-8e8f-1be0-a2a0-93c5098d4d54",
    "modules": [
        {
            "path": [
                "root"
            ],
            "outputs": {},
            "resources": {
                "digitalocean_droplet.traccar": {
                    "type": "digitalocean_droplet",
                    "depends_on": [],
                    "primary": {
                        "id": "5352875",
                        "attributes": {
                            "backups": "false",
                            "disk": "25",
                            "id": "5352875",
                            "image": "11893549",
                            "ipv4_address": "104.236.167.72",
                            "ipv4_address_private": "",
                            "ipv6": "false",
                            "ipv6_address": "",
                            "ipv6_address_private": "",
                            "locked": "false",
                            "memory": "1024",
                            "monitoring": "false",
                            "name": "sharkile.xyz",
                            "price_hourly": "0.00744",
                            "price_monthly": "5",
                            "private_networking": "false",
                            "region": "sfo1",
                            "resize_disk": "true",
                            "size": "s-1vcpu-1gb",
                            "status": "active",
                            "tags.#": "3",
                            "tags.2282622326": "admin",
                            "tags.3323772435": "traccar",
                            "tags.365508689": "web",
                            "vcpus": "1",
                            "volume_ids.#": "0"
                        },
                        "meta": {
                            "schema_version": "1"
                        },
                        "tainted": false
                    },
                    "deposed": [],
                    "provider": "provider.digitalocean"
                },
                "digitalocean_firewall.admin": {
                    "type": "digitalocean_firewall",
                    "depends_on": [
                        "digitalocean_tag.admin"
                    ],
                    "primary": {
                        "id": "5a100445-ed43-4e75-8de0-bbc9c3da49c5",
                        "attributes": {
                            "droplet_ids.#": "0",
                            "id": "5a100445-ed43-4e75-8de0-bbc9c3da49c5",
                            "inbound_rule.#": "2",
                            "inbound_rule.2721353004.port_range": "2222",
                            "inbound_rule.2721353004.protocol": "tcp",
                            "inbound_rule.2721353004.source_addresses.#": "2",
                            "inbound_rule.2721353004.source_addresses.217649824": "0.0.0.0/0",
                            "inbound_rule.2721353004.source_addresses.4017721845": "::/0",
                            "inbound_rule.2721353004.source_droplet_ids.#": "0",
                            "inbound_rule.2721353004.source_load_balancer_uids.#": "0",
                            "inbound_rule.2721353004.source_tags.#": "0",
                            "inbound_rule.3461600736.port_range": "22",
                            "inbound_rule.3461600736.protocol": "tcp",
                            "inbound_rule.3461600736.source_addresses.#": "2",
                            "inbound_rule.3461600736.source_addresses.217649824": "0.0.0.0/0",
                            "inbound_rule.3461600736.source_addresses.4017721845": "::/0",
                            "inbound_rule.3461600736.source_droplet_ids.#": "0",
                            "inbound_rule.3461600736.source_load_balancer_uids.#": "0",
                            "inbound_rule.3461600736.source_tags.#": "0",
                            "name": "fw-admin",
                            "outbound_rule.#": "3",
                            "outbound_rule.2174971434.destination_addresses.#": "2",
                            "outbound_rule.2174971434.destination_addresses.217649824": "0.0.0.0/0",
                            "outbound_rule.2174971434.destination_addresses.4017721845": "::/0",
                            "outbound_rule.2174971434.destination_droplet_ids.#": "0",
                            "outbound_rule.2174971434.destination_load_balancer_uids.#": "0",
                            "outbound_rule.2174971434.destination_tags.#": "0",
                            "outbound_rule.2174971434.port_range": "",
                            "outbound_rule.2174971434.protocol": "icmp",
                            "outbound_rule.250795239.destination_addresses.#": "2",
                            "outbound_rule.250795239.destination_addresses.217649824": "0.0.0.0/0",
                            "outbound_rule.250795239.destination_addresses.4017721845": "::/0",
                            "outbound_rule.250795239.destination_droplet_ids.#": "0",
                            "outbound_rule.250795239.destination_load_balancer_uids.#": "0",
                            "outbound_rule.250795239.destination_tags.#": "0",
                            "outbound_rule.250795239.port_range": "1-65535",
                            "outbound_rule.250795239.protocol": "udp",
                            "outbound_rule.3003229447.destination_addresses.#": "2",
                            "outbound_rule.3003229447.destination_addresses.217649824": "0.0.0.0/0",
                            "outbound_rule.3003229447.destination_addresses.4017721845": "::/0",
                            "outbound_rule.3003229447.destination_droplet_ids.#": "0",
                            "outbound_rule.3003229447.destination_load_balancer_uids.#": "0",
                            "outbound_rule.3003229447.destination_tags.#": "0",
                            "outbound_rule.3003229447.port_range": "1-65535",
                            "outbound_rule.3003229447.protocol": "tcp",
                            "pending_changes.#": "0",
                            "status": "succeeded",
                            "tags.#": "1",
                            "tags.2282622326": "admin"
                        },
                        "meta": {},
                        "tainted": false
                    },
                    "deposed": [],
                    "provider": "provider.digitalocean"
                },
                "digitalocean_firewall.traccar": {
                    "type": "digitalocean_firewall",
                    "depends_on": [
                        "digitalocean_tag.traccar"
                    ],
                    "primary": {
                        "id": "5e24027b-8010-4018-bf1a-c2509260077c",
                        "attributes": {
                            "droplet_ids.#": "0",
                            "id": "5e24027b-8010-4018-bf1a-c2509260077c",
                            "inbound_rule.#": "13",
                            "inbound_rule.1466934495.port_range": "5093",
                            "inbound_rule.1466934495.protocol": "tcp",
                            "inbound_rule.1466934495.source_addresses.#": "2",
                            "inbound_rule.1466934495.source_addresses.217649824": "0.0.0.0/0",
                            "inbound_rule.1466934495.source_addresses.4017721845": "::/0",
                            "inbound_rule.1466934495.source_droplet_ids.#": "0",
                            "inbound_rule.1466934495.source_load_balancer_uids.#": "0",
                            "inbound_rule.1466934495.source_tags.#": "0",
                            "inbound_rule.1528282399.port_range": "5040",
                            "inbound_rule.1528282399.protocol": "tcp",
                            "inbound_rule.1528282399.source_addresses.#": "2",
                            "inbound_rule.1528282399.source_addresses.217649824": "0.0.0.0/0",
                            "inbound_rule.1528282399.source_addresses.4017721845": "::/0",
                            "inbound_rule.1528282399.source_droplet_ids.#": "0",
                            "inbound_rule.1528282399.source_load_balancer_uids.#": "0",
                            "inbound_rule.1528282399.source_tags.#": "0",
                            "inbound_rule.163526221.port_range": "5023",
                            "inbound_rule.163526221.protocol": "tcp",
                            "inbound_rule.163526221.source_addresses.#": "2",
                            "inbound_rule.163526221.source_addresses.217649824": "0.0.0.0/0",
                            "inbound_rule.163526221.source_addresses.4017721845": "::/0",
                            "inbound_rule.163526221.source_droplet_ids.#": "0",
                            "inbound_rule.163526221.source_load_balancer_uids.#": "0",
                            "inbound_rule.163526221.source_tags.#": "0",
                            "inbound_rule.186097013.port_range": "5020",
                            "inbound_rule.186097013.protocol": "tcp",
                            "inbound_rule.186097013.source_addresses.#": "2",
                            "inbound_rule.186097013.source_addresses.217649824": "0.0.0.0/0",
                            "inbound_rule.186097013.source_addresses.4017721845": "::/0",
                            "inbound_rule.186097013.source_droplet_ids.#": "0",
                            "inbound_rule.186097013.source_load_balancer_uids.#": "0",
                            "inbound_rule.186097013.source_tags.#": "0",
                            "inbound_rule.1959643305.port_range": "8000",
                            "inbound_rule.1959643305.protocol": "tcp",
                            "inbound_rule.1959643305.source_addresses.#": "2",
                            "inbound_rule.1959643305.source_addresses.217649824": "0.0.0.0/0",
                            "inbound_rule.1959643305.source_addresses.4017721845": "::/0",
                            "inbound_rule.1959643305.source_droplet_ids.#": "0",
                            "inbound_rule.1959643305.source_load_balancer_uids.#": "0",
                            "inbound_rule.1959643305.source_tags.#": "0",
                            "inbound_rule.19761118.port_range": "8082",
                            "inbound_rule.19761118.protocol": "tcp",
                            "inbound_rule.19761118.source_addresses.#": "2",
                            "inbound_rule.19761118.source_addresses.217649824": "0.0.0.0/0",
                            "inbound_rule.19761118.source_addresses.4017721845": "::/0",
                            "inbound_rule.19761118.source_droplet_ids.#": "0",
                            "inbound_rule.19761118.source_load_balancer_uids.#": "0",
                            "inbound_rule.19761118.source_tags.#": "0",
                            "inbound_rule.2291542300.port_range": "5006",
                            "inbound_rule.2291542300.protocol": "tcp",
                            "inbound_rule.2291542300.source_addresses.#": "2",
                            "inbound_rule.2291542300.source_addresses.217649824": "0.0.0.0/0",
                            "inbound_rule.2291542300.source_addresses.4017721845": "::/0",
                            "inbound_rule.2291542300.source_droplet_ids.#": "0",
                            "inbound_rule.2291542300.source_load_balancer_uids.#": "0",
                            "inbound_rule.2291542300.source_tags.#": "0",
                            "inbound_rule.2355042692.port_range": "5001",
                            "inbound_rule.2355042692.protocol": "tcp",
                            "inbound_rule.2355042692.source_addresses.#": "2",
                            "inbound_rule.2355042692.source_addresses.217649824": "0.0.0.0/0",
                            "inbound_rule.2355042692.source_addresses.4017721845": "::/0",
                            "inbound_rule.2355042692.source_droplet_ids.#": "0",
                            "inbound_rule.2355042692.source_load_balancer_uids.#": "0",
                            "inbound_rule.2355042692.source_tags.#": "0",
                            "inbound_rule.2398597820.port_range": "5002",
                            "inbound_rule.2398597820.protocol": "tcp",
                            "inbound_rule.2398597820.source_addresses.#": "2",
                            "inbound_rule.2398597820.source_addresses.217649824": "0.0.0.0/0",
                            "inbound_rule.2398597820.source_addresses.4017721845": "::/0",
                            "inbound_rule.2398597820.source_droplet_ids.#": "0",
                            "inbound_rule.2398597820.source_load_balancer_uids.#": "0",
                            "inbound_rule.2398597820.source_tags.#": "0",
                            "inbound_rule.2694199593.port_range": "5036",
                            "inbound_rule.2694199593.protocol": "tcp",
                            "inbound_rule.2694199593.source_addresses.#": "2",
                            "inbound_rule.2694199593.source_addresses.217649824": "0.0.0.0/0",
                            "inbound_rule.2694199593.source_addresses.4017721845": "::/0",
                            "inbound_rule.2694199593.source_droplet_ids.#": "0",
                            "inbound_rule.2694199593.source_load_balancer_uids.#": "0",
                            "inbound_rule.2694199593.source_tags.#": "0",
                            "inbound_rule.4064195195.port_range": "5055",
                            "inbound_rule.4064195195.protocol": "tcp",
                            "inbound_rule.4064195195.source_addresses.#": "2",
                            "inbound_rule.4064195195.source_addresses.217649824": "0.0.0.0/0",
                            "inbound_rule.4064195195.source_addresses.4017721845": "::/0",
                            "inbound_rule.4064195195.source_droplet_ids.#": "0",
                            "inbound_rule.4064195195.source_load_balancer_uids.#": "0",
                            "inbound_rule.4064195195.source_tags.#": "0",
                            "inbound_rule.4163317787.port_range": "5082",
                            "inbound_rule.4163317787.protocol": "tcp",
                            "inbound_rule.4163317787.source_addresses.#": "2",
                            "inbound_rule.4163317787.source_addresses.217649824": "0.0.0.0/0",
                            "inbound_rule.4163317787.source_addresses.4017721845": "::/0",
                            "inbound_rule.4163317787.source_droplet_ids.#": "0",
                            "inbound_rule.4163317787.source_load_balancer_uids.#": "0",
                            "inbound_rule.4163317787.source_tags.#": "0",
                            "inbound_rule.566175352.port_range": "5013",
                            "inbound_rule.566175352.protocol": "tcp",
                            "inbound_rule.566175352.source_addresses.#": "2",
                            "inbound_rule.566175352.source_addresses.217649824": "0.0.0.0/0",
                            "inbound_rule.566175352.source_addresses.4017721845": "::/0",
                            "inbound_rule.566175352.source_droplet_ids.#": "0",
                            "inbound_rule.566175352.source_load_balancer_uids.#": "0",
                            "inbound_rule.566175352.source_tags.#": "0",
                            "name": "fw-traccar",
                            "outbound_rule.#": "3",
                            "outbound_rule.2174971434.destination_addresses.#": "2",
                            "outbound_rule.2174971434.destination_addresses.217649824": "0.0.0.0/0",
                            "outbound_rule.2174971434.destination_addresses.4017721845": "::/0",
                            "outbound_rule.2174971434.destination_droplet_ids.#": "0",
                            "outbound_rule.2174971434.destination_load_balancer_uids.#": "0",
                            "outbound_rule.2174971434.destination_tags.#": "0",
                            "outbound_rule.2174971434.port_range": "",
                            "outbound_rule.2174971434.protocol": "icmp",
                            "outbound_rule.250795239.destination_addresses.#": "2",
                            "outbound_rule.250795239.destination_addresses.217649824": "0.0.0.0/0",
                            "outbound_rule.250795239.destination_addresses.4017721845": "::/0",
                            "outbound_rule.250795239.destination_droplet_ids.#": "0",
                            "outbound_rule.250795239.destination_load_balancer_uids.#": "0",
                            "outbound_rule.250795239.destination_tags.#": "0",
                            "outbound_rule.250795239.port_range": "1-65535",
                            "outbound_rule.250795239.protocol": "udp",
                            "outbound_rule.3003229447.destination_addresses.#": "2",
                            "outbound_rule.3003229447.destination_addresses.217649824": "0.0.0.0/0",
                            "outbound_rule.3003229447.destination_addresses.4017721845": "::/0",
                            "outbound_rule.3003229447.destination_droplet_ids.#": "0",
                            "outbound_rule.3003229447.destination_load_balancer_uids.#": "0",
                            "outbound_rule.3003229447.destination_tags.#": "0",
                            "outbound_rule.3003229447.port_range": "1-65535",
                            "outbound_rule.3003229447.protocol": "tcp",
                            "pending_changes.#": "0",
                            "status": "succeeded",
                            "tags.#": "1",
                            "tags.3323772435": "traccar"
                        },
                        "meta": {},
                        "tainted": false
                    },
                    "deposed": [],
                    "provider": "provider.digitalocean"
                },
                "digitalocean_firewall.web": {
                    "type": "digitalocean_firewall",
                    "depends_on": [
                        "digitalocean_tag.traccar",
                        "digitalocean_tag.web"
                    ],
                    "primary": {
                        "id": "0be46212-9996-4100-86c1-1354be3a0d83",
                        "attributes": {
                            "droplet_ids.#": "0",
                            "id": "0be46212-9996-4100-86c1-1354be3a0d83",
                            "inbound_rule.#": "2",
                            "inbound_rule.1029929102.port_range": "80",
                            "inbound_rule.1029929102.protocol": "tcp",
                            "inbound_rule.1029929102.source_addresses.#": "2",
                            "inbound_rule.1029929102.source_addresses.217649824": "0.0.0.0/0",
                            "inbound_rule.1029929102.source_addresses.4017721845": "::/0",
                            "inbound_rule.1029929102.source_droplet_ids.#": "0",
                            "inbound_rule.1029929102.source_load_balancer_uids.#": "0",
                            "inbound_rule.1029929102.source_tags.#": "0",
                            "inbound_rule.824762578.port_range": "443",
                            "inbound_rule.824762578.protocol": "tcp",
                            "inbound_rule.824762578.source_addresses.#": "2",
                            "inbound_rule.824762578.source_addresses.217649824": "0.0.0.0/0",
                            "inbound_rule.824762578.source_addresses.4017721845": "::/0",
                            "inbound_rule.824762578.source_droplet_ids.#": "0",
                            "inbound_rule.824762578.source_load_balancer_uids.#": "0",
                            "inbound_rule.824762578.source_tags.#": "0",
                            "name": "fw-web",
                            "outbound_rule.#": "3",
                            "outbound_rule.2174971434.destination_addresses.#": "2",
                            "outbound_rule.2174971434.destination_addresses.217649824": "0.0.0.0/0",
                            "outbound_rule.2174971434.destination_addresses.4017721845": "::/0",
                            "outbound_rule.2174971434.destination_droplet_ids.#": "0",
                            "outbound_rule.2174971434.destination_load_balancer_uids.#": "0",
                            "outbound_rule.2174971434.destination_tags.#": "0",
                            "outbound_rule.2174971434.port_range": "",
                            "outbound_rule.2174971434.protocol": "icmp",
                            "outbound_rule.250795239.destination_addresses.#": "2",
                            "outbound_rule.250795239.destination_addresses.217649824": "0.0.0.0/0",
                            "outbound_rule.250795239.destination_addresses.4017721845": "::/0",
                            "outbound_rule.250795239.destination_droplet_ids.#": "0",
                            "outbound_rule.250795239.destination_load_balancer_uids.#": "0",
                            "outbound_rule.250795239.destination_tags.#": "0",
                            "outbound_rule.250795239.port_range": "1-65535",
                            "outbound_rule.250795239.protocol": "udp",
                            "outbound_rule.3003229447.destination_addresses.#": "2",
                            "outbound_rule.3003229447.destination_addresses.217649824": "0.0.0.0/0",
                            "outbound_rule.3003229447.destination_addresses.4017721845": "::/0",
                            "outbound_rule.3003229447.destination_droplet_ids.#": "0",
                            "outbound_rule.3003229447.destination_load_balancer_uids.#": "0",
                            "outbound_rule.3003229447.destination_tags.#": "0",
                            "outbound_rule.3003229447.port_range": "1-65535",
                            "outbound_rule.3003229447.protocol": "tcp",
                            "pending_changes.#": "0",
                            "status": "succeeded",
                            "tags.#": "2",
                            "tags.3323772435": "traccar",
                            "tags.365508689": "web"
                        },
                        "meta": {},
                        "tainted": false
                    },
                    "deposed": [],
                    "provider": "provider.digitalocean"
                },
                "digitalocean_tag.admin": {
                    "type": "digitalocean_tag",
                    "depends_on": [],
                    "primary": {
                        "id": "admin",
                        "attributes": {
                            "id": "admin",
                            "name": "admin"
                        },
                        "meta": {},
                        "tainted": false
                    },
                    "deposed": [],
                    "provider": "provider.digitalocean"
                },
                "digitalocean_tag.test": {
                    "type": "digitalocean_tag",
                    "depends_on": [],
                    "primary": {
                        "id": "test",
                        "attributes": {
                            "id": "test",
                            "name": "test"
                        },
                        "meta": {},
                        "tainted": false
                    },
                    "deposed": [],
                    "provider": "provider.digitalocean"
                },
                "digitalocean_tag.traccar": {
                    "type": "digitalocean_tag",
                    "depends_on": [],
                    "primary": {
                        "id": "traccar",
                        "attributes": {
                            "id": "traccar",
                            "name": "traccar"
                        },
                        "meta": {},
                        "tainted": false
                    },
                    "deposed": [],
                    "provider": "provider.digitalocean"
                },
                "digitalocean_tag.web": {
                    "type": "digitalocean_tag",
                    "depends_on": [],
                    "primary": {
                        "id": "web",
                        "attributes": {
                            "id": "web",
                            "name": "web"
                        },
                        "meta": {},
                        "tainted": false
                    },
                    "deposed": [],
                    "provider": "provider.digitalocean"
                }
            },
            "depends_on": []
        }
    ]
}
